// !$*UTF8*$!
{
	archiveVersion = 1;
	classes = {
	};
	objectVersion = 46;
	objects = {

/* Begin PBXBuildFile section */
		2D65AAEB18E8E60E003BE7B8 /* Foundation.framework in Frameworks */ = {isa = PBXBuildFile; fileRef = 2D65AAEA18E8E60E003BE7B8 /* Foundation.framework */; };
		2D65AAED18E8E60E003BE7B8 /* CoreGraphics.framework in Frameworks */ = {isa = PBXBuildFile; fileRef = 2D65AAEC18E8E60E003BE7B8 /* CoreGraphics.framework */; };
		2D65AAEF18E8E60E003BE7B8 /* UIKit.framework in Frameworks */ = {isa = PBXBuildFile; fileRef = 2D65AAEE18E8E60E003BE7B8 /* UIKit.framework */; };
		2D65AAF518E8E60E003BE7B8 /* InfoPlist.strings in Resources */ = {isa = PBXBuildFile; fileRef = 2D65AAF318E8E60E003BE7B8 /* InfoPlist.strings */; };
		2D65AAF718E8E60E003BE7B8 /* main.m in Sources */ = {isa = PBXBuildFile; fileRef = 2D65AAF618E8E60E003BE7B8 /* main.m */; };
		2D65AAFB18E8E60E003BE7B8 /* SCLTAppDelegate.m in Sources */ = {isa = PBXBuildFile; fileRef = 2D65AAFA18E8E60E003BE7B8 /* SCLTAppDelegate.m */; };
		2D65AAFE18E8E60E003BE7B8 /* Main.storyboard in Resources */ = {isa = PBXBuildFile; fileRef = 2D65AAFC18E8E60E003BE7B8 /* Main.storyboard */; };
		2D65AB0118E8E60E003BE7B8 /* SCLTViewController.m in Sources */ = {isa = PBXBuildFile; fileRef = 2D65AB0018E8E60E003BE7B8 /* SCLTViewController.m */; };
		2D65AB0318E8E60E003BE7B8 /* Images.xcassets in Resources */ = {isa = PBXBuildFile; fileRef = 2D65AB0218E8E60E003BE7B8 /* Images.xcassets */; };
		2D65AB0A18E8E60E003BE7B8 /* XCTest.framework in Frameworks */ = {isa = PBXBuildFile; fileRef = 2D65AB0918E8E60E003BE7B8 /* XCTest.framework */; };
		2D65AB0B18E8E60E003BE7B8 /* Foundation.framework in Frameworks */ = {isa = PBXBuildFile; fileRef = 2D65AAEA18E8E60E003BE7B8 /* Foundation.framework */; };
		2D65AB0C18E8E60E003BE7B8 /* UIKit.framework in Frameworks */ = {isa = PBXBuildFile; fileRef = 2D65AAEE18E8E60E003BE7B8 /* UIKit.framework */; };
		2D65AB1418E8E60E003BE7B8 /* InfoPlist.strings in Resources */ = {isa = PBXBuildFile; fileRef = 2D65AB1218E8E60E003BE7B8 /* InfoPlist.strings */; };
		2D65AB1618E8E60E003BE7B8 /* AudioPlayerTests.m in Sources */ = {isa = PBXBuildFile; fileRef = 2D65AB1518E8E60E003BE7B8 /* AudioPlayerTests.m */; };
		2D65AB2218E8E63E003BE7B8 /* SCLTAudioPlayer.m in Sources */ = {isa = PBXBuildFile; fileRef = 2D65AB2118E8E63E003BE7B8 /* SCLTAudioPlayer.m */; };
/* End PBXBuildFile section */

/* Begin PBXContainerItemProxy section */
		2D65AB0D18E8E60E003BE7B8 /* PBXContainerItemProxy */ = {
			isa = PBXContainerItemProxy;
			containerPortal = 2D65AADF18E8E60D003BE7B8 /* Project object */;
			proxyType = 1;
			remoteGlobalIDString = 2D65AAE618E8E60E003BE7B8;
			remoteInfo = AudioPlayer;
		};
/* End PBXContainerItemProxy section */

/* Begin PBXFileReference section */
		2D65AAE718E8E60E003BE7B8 /* AudioPlayer.app */ = {isa = PBXFileReference; explicitFileType = wrapper.application; includeInIndex = 0; path = AudioPlayer.app; sourceTree = BUILT_PRODUCTS_DIR; };
		2D65AAEA18E8E60E003BE7B8 /* Foundation.framework */ = {isa = PBXFileReference; lastKnownFileType = wrapper.framework; name = Foundation.framework; path = System/Library/Frameworks/Foundation.framework; sourceTree = SDKROOT; };
		2D65AAEC18E8E60E003BE7B8 /* CoreGraphics.framework */ = {isa = PBXFileReference; lastKnownFileType = wrapper.framework; name = CoreGraphics.framework; path = System/Library/Frameworks/CoreGraphics.framework; sourceTree = SDKROOT; };
		2D65AAEE18E8E60E003BE7B8 /* UIKit.framework */ = {isa = PBXFileReference; lastKnownFileType = wrapper.framework; name = UIKit.framework; path = System/Library/Frameworks/UIKit.framework; sourceTree = SDKROOT; };
		2D65AAF218E8E60E003BE7B8 /* AudioPlayer-Info.plist */ = {isa = PBXFileReference; lastKnownFileType = text.plist.xml; path = "AudioPlayer-Info.plist"; sourceTree = "<group>"; };
		2D65AAF418E8E60E003BE7B8 /* en */ = {isa = PBXFileReference; lastKnownFileType = text.plist.strings; name = en; path = en.lproj/InfoPlist.strings; sourceTree = "<group>"; };
		2D65AAF618E8E60E003BE7B8 /* main.m */ = {isa = PBXFileReference; lastKnownFileType = sourcecode.c.objc; path = main.m; sourceTree = "<group>"; };
		2D65AAF818E8E60E003BE7B8 /* AudioPlayer-Prefix.pch */ = {isa = PBXFileReference; lastKnownFileType = sourcecode.c.h; path = "AudioPlayer-Prefix.pch"; sourceTree = "<group>"; };
		2D65AAF918E8E60E003BE7B8 /* SCLTAppDelegate.h */ = {isa = PBXFileReference; lastKnownFileType = sourcecode.c.h; path = SCLTAppDelegate.h; sourceTree = "<group>"; };
		2D65AAFA18E8E60E003BE7B8 /* SCLTAppDelegate.m */ = {isa = PBXFileReference; lastKnownFileType = sourcecode.c.objc; path = SCLTAppDelegate.m; sourceTree = "<group>"; };
		2D65AAFD18E8E60E003BE7B8 /* Base */ = {isa = PBXFileReference; lastKnownFileType = file.storyboard; name = Base; path = Base.lproj/Main.storyboard; sourceTree = "<group>"; };
		2D65AAFF18E8E60E003BE7B8 /* SCLTViewController.h */ = {isa = PBXFileReference; lastKnownFileType = sourcecode.c.h; path = SCLTViewController.h; sourceTree = "<group>"; };
		2D65AB0018E8E60E003BE7B8 /* SCLTViewController.m */ = {isa = PBXFileReference; lastKnownFileType = sourcecode.c.objc; path = SCLTViewController.m; sourceTree = "<group>"; };
		2D65AB0218E8E60E003BE7B8 /* Images.xcassets */ = {isa = PBXFileReference; lastKnownFileType = folder.assetcatalog; path = Images.xcassets; sourceTree = "<group>"; };
		2D65AB0818E8E60E003BE7B8 /* AudioPlayerTests.xctest */ = {isa = PBXFileReference; explicitFileType = wrapper.cfbundle; includeInIndex = 0; path = AudioPlayerTests.xctest; sourceTree = BUILT_PRODUCTS_DIR; };
		2D65AB0918E8E60E003BE7B8 /* XCTest.framework */ = {isa = PBXFileReference; lastKnownFileType = wrapper.framework; name = XCTest.framework; path = Library/Frameworks/XCTest.framework; sourceTree = DEVELOPER_DIR; };
		2D65AB1118E8E60E003BE7B8 /* AudioPlayerTests-Info.plist */ = {isa = PBXFileReference; lastKnownFileType = text.plist.xml; path = "AudioPlayerTests-Info.plist"; sourceTree = "<group>"; };
		2D65AB1318E8E60E003BE7B8 /* en */ = {isa = PBXFileReference; lastKnownFileType = text.plist.strings; name = en; path = en.lproj/InfoPlist.strings; sourceTree = "<group>"; };
		2D65AB1518E8E60E003BE7B8 /* AudioPlayerTests.m */ = {isa = PBXFileReference; lastKnownFileType = sourcecode.c.objc; path = AudioPlayerTests.m; sourceTree = "<group>"; };
		2D65AB2018E8E63E003BE7B8 /* SCLTAudioPlayer.h */ = {isa = PBXFileReference; fileEncoding = 4; lastKnownFileType = sourcecode.c.h; name = SCLTAudioPlayer.h; path = SCLTAudioPlayer/SCLTAudioPlayer.h; sourceTree = "<group>"; };
		2D65AB2118E8E63E003BE7B8 /* SCLTAudioPlayer.m */ = {isa = PBXFileReference; fileEncoding = 4; lastKnownFileType = sourcecode.c.objc; name = SCLTAudioPlayer.m; path = SCLTAudioPlayer/SCLTAudioPlayer.m; sourceTree = "<group>"; };
/* End PBXFileReference section */

/* Begin PBXFrameworksBuildPhase section */
		2D65AAE418E8E60E003BE7B8 /* Frameworks */ = {
			isa = PBXFrameworksBuildPhase;
			buildActionMask = 2147483647;
			files = (
				2D65AAED18E8E60E003BE7B8 /* CoreGraphics.framework in Frameworks */,
				2D65AAEF18E8E60E003BE7B8 /* UIKit.framework in Frameworks */,
				2D65AAEB18E8E60E003BE7B8 /* Foundation.framework in Frameworks */,
			);
			runOnlyForDeploymentPostprocessing = 0;
		};
		2D65AB0518E8E60E003BE7B8 /* Frameworks */ = {
			isa = PBXFrameworksBuildPhase;
			buildActionMask = 2147483647;
			files = (
				2D65AB0A18E8E60E003BE7B8 /* XCTest.framework in Frameworks */,
				2D65AB0C18E8E60E003BE7B8 /* UIKit.framework in Frameworks */,
				2D65AB0B18E8E60E003BE7B8 /* Foundation.framework in Frameworks */,
			);
			runOnlyForDeploymentPostprocessing = 0;
		};
/* End PBXFrameworksBuildPhase section */

/* Begin PBXGroup section */
		2D65AADE18E8E60D003BE7B8 = {
			isa = PBXGroup;
			children = (
				2D65AAF018E8E60E003BE7B8 /* AudioPlayerDemo */,
				2D65AB0F18E8E60E003BE7B8 /* AudioPlayerTests */,
				2D65AAE918E8E60E003BE7B8 /* Frameworks */,
				2D65AAE818E8E60E003BE7B8 /* Products */,
			);
			sourceTree = "<group>";
		};
		2D65AAE818E8E60E003BE7B8 /* Products */ = {
			isa = PBXGroup;
			children = (
				2D65AAE718E8E60E003BE7B8 /* AudioPlayer.app */,
				2D65AB0818E8E60E003BE7B8 /* AudioPlayerTests.xctest */,
			);
			name = Products;
			sourceTree = "<group>";
		};
		2D65AAE918E8E60E003BE7B8 /* Frameworks */ = {
			isa = PBXGroup;
			children = (
				2D65AAEA18E8E60E003BE7B8 /* Foundation.framework */,
				2D65AAEC18E8E60E003BE7B8 /* CoreGraphics.framework */,
				2D65AAEE18E8E60E003BE7B8 /* UIKit.framework */,
				2D65AB0918E8E60E003BE7B8 /* XCTest.framework */,
			);
			name = Frameworks;
			sourceTree = "<group>";
		};
		2D65AAF018E8E60E003BE7B8 /* AudioPlayerDemo */ = {
			isa = PBXGroup;
			children = (
				2D65AB1F18E8E61F003BE7B8 /* SCLTAudioPlayer */,
				2D65AAF918E8E60E003BE7B8 /* SCLTAppDelegate.h */,
				2D65AAFA18E8E60E003BE7B8 /* SCLTAppDelegate.m */,
				2D65AAFC18E8E60E003BE7B8 /* Main.storyboard */,
				2D65AAFF18E8E60E003BE7B8 /* SCLTViewController.h */,
				2D65AB0018E8E60E003BE7B8 /* SCLTViewController.m */,
				2D65AB0218E8E60E003BE7B8 /* Images.xcassets */,
				2D65AAF118E8E60E003BE7B8 /* Supporting Files */,
			);
			name = AudioPlayerDemo;
			path = AudioPlayer;
			sourceTree = "<group>";
		};
		2D65AAF118E8E60E003BE7B8 /* Supporting Files */ = {
			isa = PBXGroup;
			children = (
				2D65AAF218E8E60E003BE7B8 /* AudioPlayer-Info.plist */,
				2D65AAF318E8E60E003BE7B8 /* InfoPlist.strings */,
				2D65AAF618E8E60E003BE7B8 /* main.m */,
				2D65AAF818E8E60E003BE7B8 /* AudioPlayer-Prefix.pch */,
			);
			name = "Supporting Files";
			sourceTree = "<group>";
		};
		2D65AB0F18E8E60E003BE7B8 /* AudioPlayerTests */ = {
			isa = PBXGroup;
			children = (
				2D65AB1518E8E60E003BE7B8 /* AudioPlayerTests.m */,
				2D65AB1018E8E60E003BE7B8 /* Supporting Files */,
			);
			path = AudioPlayerTests;
			sourceTree = "<group>";
		};
		2D65AB1018E8E60E003BE7B8 /* Supporting Files */ = {
			isa = PBXGroup;
			children = (
				2D65AB1118E8E60E003BE7B8 /* AudioPlayerTests-Info.plist */,
				2D65AB1218E8E60E003BE7B8 /* InfoPlist.strings */,
			);
			name = "Supporting Files";
			sourceTree = "<group>";
		};
		2D65AB1F18E8E61F003BE7B8 /* SCLTAudioPlayer */ = {
			isa = PBXGroup;
			children = (
				2D65AB2018E8E63E003BE7B8 /* SCLTAudioPlayer.h */,
				2D65AB2118E8E63E003BE7B8 /* SCLTAudioPlayer.m */,
			);
			name = SCLTAudioPlayer;
			sourceTree = "<group>";
		};
/* End PBXGroup section */

/* Begin PBXNativeTarget section */
		2D65AAE618E8E60E003BE7B8 /* AudioPlayer */ = {
			isa = PBXNativeTarget;
			buildConfigurationList = 2D65AB1918E8E60E003BE7B8 /* Build configuration list for PBXNativeTarget "AudioPlayer" */;
			buildPhases = (
				2D65AAE318E8E60E003BE7B8 /* Sources */,
				2D65AAE418E8E60E003BE7B8 /* Frameworks */,
				2D65AAE518E8E60E003BE7B8 /* Resources */,
			);
			buildRules = (
			);
			dependencies = (
			);
			name = AudioPlayer;
			productName = AudioPlayer;
			productReference = 2D65AAE718E8E60E003BE7B8 /* AudioPlayer.app */;
			productType = "com.apple.product-type.application";
		};
		2D65AB0718E8E60E003BE7B8 /* AudioPlayerTests */ = {
			isa = PBXNativeTarget;
			buildConfigurationList = 2D65AB1C18E8E60E003BE7B8 /* Build configuration list for PBXNativeTarget "AudioPlayerTests" */;
			buildPhases = (
				2D65AB0418E8E60E003BE7B8 /* Sources */,
				2D65AB0518E8E60E003BE7B8 /* Frameworks */,
				2D65AB0618E8E60E003BE7B8 /* Resources */,
			);
			buildRules = (
			);
			dependencies = (
				2D65AB0E18E8E60E003BE7B8 /* PBXTargetDependency */,
			);
			name = AudioPlayerTests;
			productName = AudioPlayerTests;
			productReference = 2D65AB0818E8E60E003BE7B8 /* AudioPlayerTests.xctest */;
			productType = "com.apple.product-type.bundle.unit-test";
		};
/* End PBXNativeTarget section */

/* Begin PBXProject section */
		2D65AADF18E8E60D003BE7B8 /* Project object */ = {
			isa = PBXProject;
			attributes = {
				CLASSPREFIX = SCLT;
				LastUpgradeCheck = 0510;
				ORGANIZATIONNAME = Scarlet;
				TargetAttributes = {
					2D65AB0718E8E60E003BE7B8 = {
						TestTargetID = 2D65AAE618E8E60E003BE7B8;
					};
				};
			};
			buildConfigurationList = 2D65AAE218E8E60D003BE7B8 /* Build configuration list for PBXProject "AudioPlayer" */;
			compatibilityVersion = "Xcode 3.2";
			developmentRegion = English;
			hasScannedForEncodings = 0;
			knownRegions = (
				en,
				Base,
			);
			mainGroup = 2D65AADE18E8E60D003BE7B8;
			productRefGroup = 2D65AAE818E8E60E003BE7B8 /* Products */;
			projectDirPath = "";
			projectRoot = "";
			targets = (
				2D65AAE618E8E60E003BE7B8 /* AudioPlayer */,
				2D65AB0718E8E60E003BE7B8 /* AudioPlayerTests */,
			);
		};
/* End PBXProject section */

/* Begin PBXResourcesBuildPhase section */
		2D65AAE518E8E60E003BE7B8 /* Resources */ = {
			isa = PBXResourcesBuildPhase;
			buildActionMask = 2147483647;
			files = (
				2D65AB0318E8E60E003BE7B8 /* Images.xcassets in Resources */,
				2D65AAF518E8E60E003BE7B8 /* InfoPlist.strings in Resources */,
				2D65AAFE18E8E60E003BE7B8 /* Main.storyboard in Resources */,
			);
			runOnlyForDeploymentPostprocessing = 0;
		};
		2D65AB0618E8E60E003BE7B8 /* Resources */ = {
			isa = PBXResourcesBuildPhase;
			buildActionMask = 2147483647;
			files = (
				2D65AB1418E8E60E003BE7B8 /* InfoPlist.strings in Resources */,
			);
			runOnlyForDeploymentPostprocessing = 0;
		};
/* End PBXResourcesBuildPhase section */

/* Begin PBXSourcesBuildPhase section */
		2D65AAE318E8E60E003BE7B8 /* Sources */ = {
			isa = PBXSourcesBuildPhase;
			buildActionMask = 2147483647;
			files = (
				2D65AAFB18E8E60E003BE7B8 /* SCLTAppDelegate.m in Sources */,
				2D65AB2218E8E63E003BE7B8 /* SCLTAudioPlayer.m in Sources */,
				2D65AAF718E8E60E003BE7B8 /* main.m in Sources */,
				2D65AB0118E8E60E003BE7B8 /* SCLTViewController.m in Sources */,
			);
			runOnlyForDeploymentPostprocessing = 0;
		};
		2D65AB0418E8E60E003BE7B8 /* Sources */ = {
			isa = PBXSourcesBuildPhase;
			buildActionMask = 2147483647;
			files = (
				2D65AB1618E8E60E003BE7B8 /* AudioPlayerTests.m in Sources */,
			);
			runOnlyForDeploymentPostprocessing = 0;
		};
/* End PBXSourcesBuildPhase section */

/* Begin PBXTargetDependency section */
		2D65AB0E18E8E60E003BE7B8 /* PBXTargetDependency */ = {
			isa = PBXTargetDependency;
			target = 2D65AAE618E8E60E003BE7B8 /* AudioPlayer */;
			targetProxy = 2D65AB0D18E8E60E003BE7B8 /* PBXContainerItemProxy */;
		};
/* End PBXTargetDependency section */

/* Begin PBXVariantGroup section */
		2D65AAF318E8E60E003BE7B8 /* InfoPlist.strings */ = {
			isa = PBXVariantGroup;
			children = (
				2D65AAF418E8E60E003BE7B8 /* en */,
			);
			name = InfoPlist.strings;
			sourceTree = "<group>";
		};
		2D65AAFC18E8E60E003BE7B8 /* Main.storyboard */ = {
			isa = PBXVariantGroup;
			children = (
				2D65AAFD18E8E60E003BE7B8 /* Base */,
			);
			name = Main.storyboard;
			sourceTree = "<group>";
		};
		2D65AB1218E8E60E003BE7B8 /* InfoPlist.strings */ = {
			isa = PBXVariantGroup;
			children = (
				2D65AB1318E8E60E003BE7B8 /* en */,
			);
			name = InfoPlist.strings;
			sourceTree = "<group>";
		};
/* End PBXVariantGroup section */

/* Begin XCBuildConfiguration section */
		2D65AB1718E8E60E003BE7B8 /* Debug */ = {
			isa = XCBuildConfiguration;
			buildSettings = {
				ALWAYS_SEARCH_USER_PATHS = NO;
				CLANG_CXX_LANGUAGE_STANDARD = "gnu++0x";
				CLANG_CXX_LIBRARY = "libc++";
				CLANG_ENABLE_MODULES = YES;
				CLANG_ENABLE_OBJC_ARC = YES;
				CLANG_WARN_BOOL_CONVERSION = YES;
				CLANG_WARN_CONSTANT_CONVERSION = YES;
				CLANG_WARN_DIRECT_OBJC_ISA_USAGE = YES_ERROR;
				CLANG_WARN_EMPTY_BODY = YES;
				CLANG_WARN_ENUM_CONVERSION = YES;
				CLANG_WARN_INT_CONVERSION = YES;
				CLANG_WARN_OBJC_ROOT_CLASS = YES_ERROR;
				CLANG_WARN__DUPLICATE_METHOD_MATCH = YES;
				"CODE_SIGN_IDENTITY[sdk=iphoneos*]" = "iPhone Developer";
				COPY_PHASE_STRIP = NO;
				GCC_C_LANGUAGE_STANDARD = gnu99;
				GCC_DYNAMIC_NO_PIC = NO;
				GCC_OPTIMIZATION_LEVEL = 0;
				GCC_PREPROCESSOR_DEFINITIONS = (
					"DEBUG=1",
					"$(inherited)",
				);
				GCC_SYMBOLS_PRIVATE_EXTERN = NO;
				GCC_WARN_64_TO_32_BIT_CONVERSION = YES;
				GCC_WARN_ABOUT_RETURN_TYPE = YES_ERROR;
				GCC_WARN_UNDECLARED_SELECTOR = YES;
				GCC_WARN_UNINITIALIZED_AUTOS = YES_AGGRESSIVE;
				GCC_WARN_UNUSED_FUNCTION = YES;
				GCC_WARN_UNUSED_VARIABLE = YES;
				IPHONEOS_DEPLOYMENT_TARGET = 7.1;
				ONLY_ACTIVE_ARCH = YES;
				SDKROOT = iphoneos;
			};
			name = Debug;
		};
		2D65AB1818E8E60E003BE7B8 /* Release */ = {
			isa = XCBuildConfiguration;
			buildSettings = {
				ALWAYS_SEARCH_USER_PATHS = NO;
				CLANG_CXX_LANGUAGE_STANDARD = "gnu++0x";
				CLANG_CXX_LIBRARY = "libc++";
				CLANG_ENABLE_MODULES = YES;
				CLANG_ENABLE_OBJC_ARC = YES;
				CLANG_WARN_BOOL_CONVERSION = YES;
				CLANG_WARN_CONSTANT_CONVERSION = YES;
				CLANG_WARN_DIRECT_OBJC_ISA_USAGE = YES_ERROR;
				CLANG_WARN_EMPTY_BODY = YES;
				CLANG_WARN_ENUM_CONVERSION = YES;
				CLANG_WARN_INT_CONVERSION = YES;
				CLANG_WARN_OBJC_ROOT_CLASS = YES_ERROR;
				CLANG_WARN__DUPLICATE_METHOD_MATCH = YES;
				"CODE_SIGN_IDENTITY[sdk=iphoneos*]" = "iPhone Developer";
				COPY_PHASE_STRIP = YES;
				ENABLE_NS_ASSERTIONS = NO;
				GCC_C_LANGUAGE_STANDARD = gnu99;
				GCC_WARN_64_TO_32_BIT_CONVERSION = YES;
				GCC_WARN_ABOUT_RETURN_TYPE = YES_ERROR;
				GCC_WARN_UNDECLARED_SELECTOR = YES;
				GCC_WARN_UNINITIALIZED_AUTOS = YES_AGGRESSIVE;
				GCC_WARN_UNUSED_FUNCTION = YES;
				GCC_WARN_UNUSED_VARIABLE = YES;
				IPHONEOS_DEPLOYMENT_TARGET = 7.1;
				SDKROOT = iphoneos;
				VALIDATE_PRODUCT = YES;
			};
			name = Release;
		};
		2D65AB1A18E8E60E003BE7B8 /* Debug */ = {
			isa = XCBuildConfiguration;
			buildSettings = {
				ASSETCATALOG_COMPILER_APPICON_NAME = AppIcon;
				ASSETCATALOG_COMPILER_LAUNCHIMAGE_NAME = LaunchImage;
				GCC_PRECOMPILE_PREFIX_HEADER = YES;
				GCC_PREFIX_HEADER = "AudioPlayer/AudioPlayer-Prefix.pch";
				INFOPLIST_FILE = "AudioPlayer/AudioPlayer-Info.plist";
				PRODUCT_NAME = "$(TARGET_NAME)";
				WRAPPER_EXTENSION = app;
			};
			name = Debug;
		};
		2D65AB1B18E8E60E003BE7B8 /* Release */ = {
			isa = XCBuildConfiguration;
			buildSettings = {
				ASSETCATALOG_COMPILER_APPICON_NAME = AppIcon;
				ASSETCATALOG_COMPILER_LAUNCHIMAGE_NAME = LaunchImage;
				GCC_PRECOMPILE_PREFIX_HEADER = YES;
				GCC_PREFIX_HEADER = "AudioPlayer/AudioPlayer-Prefix.pch";
				INFOPLIST_FILE = "AudioPlayer/AudioPlayer-Info.plist";
				PRODUCT_NAME = "$(TARGET_NAME)";
				WRAPPER_EXTENSION = app;
			};
			name = Release;
		};
		2D65AB1D18E8E60E003BE7B8 /* Debug */ = {
			isa = XCBuildConfiguration;
			buildSettings = {
				BUNDLE_LOADER = "$(BUILT_PRODUCTS_DIR)/AudioPlayer.app/AudioPlayer";
				FRAMEWORK_SEARCH_PATHS = (
					"$(SDKROOT)/Developer/Library/Frameworks",
					"$(inherited)",
					"$(DEVELOPER_FRAMEWORKS_DIR)",
				);
				GCC_PRECOMPILE_PREFIX_HEADER = YES;
				GCC_PREFIX_HEADER = "AudioPlayer/AudioPlayer-Prefix.pch";
				GCC_PREPROCESSOR_DEFINITIONS = (
					"DEBUG=1",
					"$(inherited)",
				);
				INFOPLIST_FILE = "AudioPlayerTests/AudioPlayerTests-Info.plist";
				PRODUCT_NAME = "$(TARGET_NAME)";
				TEST_HOST = "$(BUNDLE_LOADER)";
				WRAPPER_EXTENSION = xctest;
			};
			name = Debug;
		};
		2D65AB1E18E8E60E003BE7B8 /* Release */ = {
			isa = XCBuildConfiguration;
			buildSettings = {
				BUNDLE_LOADER = "$(BUILT_PRODUCTS_DIR)/AudioPlayer.app/AudioPlayer";
				FRAMEWORK_SEARCH_PATHS = (
					"$(SDKROOT)/Developer/Library/Frameworks",
					"$(inherited)",
					"$(DEVELOPER_FRAMEWORKS_DIR)",
				);
				GCC_PRECOMPILE_PREFIX_HEADER = YES;
				GCC_PREFIX_HEADER = "AudioPlayer/AudioPlayer-Prefix.pch";
				INFOPLIST_FILE = "AudioPlayerTests/AudioPlayerTests-Info.plist";
				PRODUCT_NAME = "$(TARGET_NAME)";
				TEST_HOST = "$(BUNDLE_LOADER)";
				WRAPPER_EXTENSION = xctest;
			};
			name = Release;
		};
/* End XCBuildConfiguration section */

/* Begin XCConfigurationList section */
		2D65AAE218E8E60D003BE7B8 /* Build configuration list for PBXProject "AudioPlayer" */ = {
			isa = XCConfigurationList;
			buildConfigurations = (
				2D65AB1718E8E60E003BE7B8 /* Debug */,
				2D65AB1818E8E60E003BE7B8 /* Release */,
			);
			defaultConfigurationIsVisible = 0;
			defaultConfigurationName = Release;
		};
		2D65AB1918E8E60E003BE7B8 /* Build configuration list for PBXNativeTarget "AudioPlayer" */ = {
			isa = XCConfigurationList;
			buildConfigurations = (
				2D65AB1A18E8E60E003BE7B8 /* Debug */,
				2D65AB1B18E8E60E003BE7B8 /* Release */,
			);
			defaultConfigurationIsVisible = 0;
		};
		2D65AB1C18E8E60E003BE7B8 /* Build configuration list for PBXNativeTarget "AudioPlayerTests" */ = {
			isa = XCConfigurationList;
			buildConfigurations = (
				2D65AB1D18E8E60E003BE7B8 /* Debug */,
				2D65AB1E18E8E60E003BE7B8 /* Release */,
			);
			defaultConfigurationIsVisible = 0;
		};
/* End XCConfigurationList section */
	};
	rootObject = 2D65AADF18E8E60D003BE7B8 /* Project object */;
}
